# THIS IS AN AUTOGENERATED FILE. DO NOT EDIT THIS FILE DIRECTLY.
# yarn lockfile v1


davecalnan.me@0.0.0:
  version "0.0.0"
  dependencies:
    "@heroicons/react" "^1.0.6"
    "@node-rs/bcrypt" "^1.6.0"
    "@prisma/client" "^3.11.0"
    "@reach/alert" "^0.16.0"
    "@remix-run/react" "^1.4.0"
    "@remix-run/serve" "^1.4.0"
    react "^17.0.2"
    react-dom "^17.0.2"
    remix "^1.4.0"
    tiny-invariant "^1.2.0"

